
Microsoft Visual Studio Solution File, Format Version 12.00
# Visual Studio Version 17
VisualStudioVersion = 17.9.34728.123
MinimumVisualStudioVersion = 10.0.40219.1
Project("{FAE04EC0-301F-11D3-BF4B-00C04F79EFBC}") = "NoteWeb", "NoteWeb\NoteWeb.csproj", "{9D413CDB-E4F7-4E32-AF66-4F9C24961A3C}"
EndProject
Global
	GlobalSection(SolutionConfigurationPlatforms) = preSolution
		Debug|Any CPU = Debug|Any CPU
		Release|Any CPU = Release|Any CPU
	EndGlobalSection
	GlobalSection(ProjectConfigurationPlatforms) = postSolution
		{9D413CDB-E4F7-4E32-AF66-4F9C24961A3C}.Debug|Any CPU.ActiveCfg = Debug|Any CPU
		{9D413CDB-E4F7-4E32-AF66-4F9C24961A3C}.Debug|Any CPU.Build.0 = Debug|Any CPU
		{9D413CDB-E4F7-4E32-AF66-4F9C24961A3C}.Release|Any CPU.ActiveCfg = Release|Any CPU
		{9D413CDB-E4F7-4E32-AF66-4F9C24961A3C}.Release|Any CPU.Build.0 = Release|Any CPU
	EndGlobalSection
	GlobalSection(SolutionProperties) = preSolution
		HideSolutionNode = FALSE
	EndGlobalSection
	GlobalSection(ExtensibilityGlobals) = postSolution
		SolutionGuid = {633F95B0-E3BE-47B6-A6B4-D18DE951EC05}
	EndGlobalSection
EndGlobal
